// !$*UTF8*$!
{
	archiveVersion = 1;
	classes = {
	};
	objectVersion = 56;
	objects = {

/* Begin PBXBuildFile section */
		1FF1A6342968982500E00235 /* MVVM_CApp.swift in Sources */ = {isa = PBXBuildFile; fileRef = 1FF1A6332968982500E00235 /* MVVM_CApp.swift */; };
		1FF1A6382968982600E00235 /* Assets.xcassets in Resources */ = {isa = PBXBuildFile; fileRef = 1FF1A6372968982600E00235 /* Assets.xcassets */; };
		1FF1A63B2968982600E00235 /* Preview Assets.xcassets in Resources */ = {isa = PBXBuildFile; fileRef = 1FF1A63A2968982600E00235 /* Preview Assets.xcassets */; };
		1FF1A6482968988300E00235 /* FeedType.swift in Sources */ = {isa = PBXBuildFile; fileRef = 1FF1A6472968988300E00235 /* FeedType.swift */; };
		1FF1A64B296898B200E00235 /* ItemId.swift in Sources */ = {isa = PBXBuildFile; fileRef = 1FF1A64A296898B200E00235 /* ItemId.swift */; };
		1FF1A64F296898EE00E00235 /* Coordinator.swift in Sources */ = {isa = PBXBuildFile; fileRef = 1FF1A64D296898EE00E00235 /* Coordinator.swift */; };
		1FF1A650296898EE00E00235 /* Navigable.swift in Sources */ = {isa = PBXBuildFile; fileRef = 1FF1A64E296898EE00E00235 /* Navigable.swift */; };
		1FF1A66F2968990B00E00235 /* AppCoordinator.swift in Sources */ = {isa = PBXBuildFile; fileRef = 1FF1A6522968990A00E00235 /* AppCoordinator.swift */; };
		1FF1A6712968990B00E00235 /* AppCoordinatorView.swift in Sources */ = {isa = PBXBuildFile; fileRef = 1FF1A6562968990A00E00235 /* AppCoordinatorView.swift */; };
		1FF1A6722968990B00E00235 /* ItemCoordinatorView.swift in Sources */ = {isa = PBXBuildFile; fileRef = 1FF1A6582968990A00E00235 /* ItemCoordinatorView.swift */; };
		1FF1A6732968990B00E00235 /* ItemCoordinator.swift in Sources */ = {isa = PBXBuildFile; fileRef = 1FF1A6592968990A00E00235 /* ItemCoordinator.swift */; };
		1FF1A6742968990B00E00235 /* ItemView.swift in Sources */ = {isa = PBXBuildFile; fileRef = 1FF1A65B2968990A00E00235 /* ItemView.swift */; };
		1FF1A6752968990B00E00235 /* ItemViewModel.swift in Sources */ = {isa = PBXBuildFile; fileRef = 1FF1A65C2968990A00E00235 /* ItemViewModel.swift */; };
		1FF1A6762968990B00E00235 /* ItemDetailsViewModel.swift in Sources */ = {isa = PBXBuildFile; fileRef = 1FF1A65D2968990A00E00235 /* ItemDetailsViewModel.swift */; };
		1FF1A6772968990B00E00235 /* ItemDetailsView.swift in Sources */ = {isa = PBXBuildFile; fileRef = 1FF1A65E2968990A00E00235 /* ItemDetailsView.swift */; };
		1FF1A6782968990B00E00235 /* FeedCoordinatorView.swift in Sources */ = {isa = PBXBuildFile; fileRef = 1FF1A6602968990A00E00235 /* FeedCoordinatorView.swift */; };
		1FF1A6792968990B00E00235 /* FeedViewModel.swift in Sources */ = {isa = PBXBuildFile; fileRef = 1FF1A6622968990A00E00235 /* FeedViewModel.swift */; };
		1FF1A67A2968990B00E00235 /* FeedView.swift in Sources */ = {isa = PBXBuildFile; fileRef = 1FF1A6632968990A00E00235 /* FeedView.swift */; };
		1FF1A67B2968990B00E00235 /* FeedCoordinator.swift in Sources */ = {isa = PBXBuildFile; fileRef = 1FF1A6642968990A00E00235 /* FeedCoordinator.swift */; };
		1FF1A67C2968990B00E00235 /* AccountCoordinatorView.swift in Sources */ = {isa = PBXBuildFile; fileRef = 1FF1A6662968990A00E00235 /* AccountCoordinatorView.swift */; };
		1FF1A67D2968990B00E00235 /* AccountCoordinator.swift in Sources */ = {isa = PBXBuildFile; fileRef = 1FF1A6672968990A00E00235 /* AccountCoordinator.swift */; };
		1FF1A67E2968990B00E00235 /* AccountConfirmViewModel.swift in Sources */ = {isa = PBXBuildFile; fileRef = 1FF1A6692968990A00E00235 /* AccountConfirmViewModel.swift */; };
		1FF1A67F2968990B00E00235 /* AccountViewModel.swift in Sources */ = {isa = PBXBuildFile; fileRef = 1FF1A66A2968990A00E00235 /* AccountViewModel.swift */; };
		1FF1A6802968990B00E00235 /* AccountConfirmView.swift in Sources */ = {isa = PBXBuildFile; fileRef = 1FF1A66B2968990A00E00235 /* AccountConfirmView.swift */; };
		1FF1A6812968990B00E00235 /* AccountView.swift in Sources */ = {isa = PBXBuildFile; fileRef = 1FF1A66C2968990A00E00235 /* AccountView.swift */; };
		1FF1A6822968990B00E00235 /* AccountEditView.swift in Sources */ = {isa = PBXBuildFile; fileRef = 1FF1A66D2968990A00E00235 /* AccountEditView.swift */; };
		1FF1A6832968990B00E00235 /* AccountEditViewModel.swift in Sources */ = {isa = PBXBuildFile; fileRef = 1FF1A66E2968990A00E00235 /* AccountEditViewModel.swift */; };
		1FF1A687296899B800E00235 /* LazyNavigationLink.swift in Sources */ = {isa = PBXBuildFile; fileRef = 1FF1A685296899B800E00235 /* LazyNavigationLink.swift */; };
		1FF1A688296899B800E00235 /* LazyLoadView.swift in Sources */ = {isa = PBXBuildFile; fileRef = 1FF1A686296899B800E00235 /* LazyLoadView.swift */; };
		1FF1A68A29689A1500E00235 /* Localizable.strings in Resources */ = {isa = PBXBuildFile; fileRef = 1FF1A68929689A1500E00235 /* Localizable.strings */; };
/* End PBXBuildFile section */

/* Begin PBXFileReference section */
		1FF1A6302968982500E00235 /* MVVM-C.app */ = {isa = PBXFileReference; explicitFileType = wrapper.application; includeInIndex = 0; path = "MVVM-C.app"; sourceTree = BUILT_PRODUCTS_DIR; };
		1FF1A6332968982500E00235 /* MVVM_CApp.swift */ = {isa = PBXFileReference; lastKnownFileType = sourcecode.swift; path = MVVM_CApp.swift; sourceTree = "<group>"; };
		1FF1A6372968982600E00235 /* Assets.xcassets */ = {isa = PBXFileReference; lastKnownFileType = folder.assetcatalog; path = Assets.xcassets; sourceTree = "<group>"; };
		1FF1A63A2968982600E00235 /* Preview Assets.xcassets */ = {isa = PBXFileReference; lastKnownFileType = folder.assetcatalog; path = "Preview Assets.xcassets"; sourceTree = "<group>"; };
		1FF1A6472968988300E00235 /* FeedType.swift */ = {isa = PBXFileReference; fileEncoding = 4; lastKnownFileType = sourcecode.swift; path = FeedType.swift; sourceTree = "<group>"; };
		1FF1A64A296898B200E00235 /* ItemId.swift */ = {isa = PBXFileReference; fileEncoding = 4; lastKnownFileType = sourcecode.swift; path = ItemId.swift; sourceTree = "<group>"; };
		1FF1A64D296898EE00E00235 /* Coordinator.swift */ = {isa = PBXFileReference; fileEncoding = 4; lastKnownFileType = sourcecode.swift; path = Coordinator.swift; sourceTree = "<group>"; };
		1FF1A64E296898EE00E00235 /* Navigable.swift */ = {isa = PBXFileReference; fileEncoding = 4; lastKnownFileType = sourcecode.swift; path = Navigable.swift; sourceTree = "<group>"; };
		1FF1A6522968990A00E00235 /* AppCoordinator.swift */ = {isa = PBXFileReference; fileEncoding = 4; lastKnownFileType = sourcecode.swift; path = AppCoordinator.swift; sourceTree = "<group>"; };
		1FF1A6562968990A00E00235 /* AppCoordinatorView.swift */ = {isa = PBXFileReference; fileEncoding = 4; lastKnownFileType = sourcecode.swift; path = AppCoordinatorView.swift; sourceTree = "<group>"; };
		1FF1A6582968990A00E00235 /* ItemCoordinatorView.swift */ = {isa = PBXFileReference; fileEncoding = 4; lastKnownFileType = sourcecode.swift; path = ItemCoordinatorView.swift; sourceTree = "<group>"; };
		1FF1A6592968990A00E00235 /* ItemCoordinator.swift */ = {isa = PBXFileReference; fileEncoding = 4; lastKnownFileType = sourcecode.swift; path = ItemCoordinator.swift; sourceTree = "<group>"; };
		1FF1A65B2968990A00E00235 /* ItemView.swift */ = {isa = PBXFileReference; fileEncoding = 4; lastKnownFileType = sourcecode.swift; path = ItemView.swift; sourceTree = "<group>"; };
		1FF1A65C2968990A00E00235 /* ItemViewModel.swift */ = {isa = PBXFileReference; fileEncoding = 4; lastKnownFileType = sourcecode.swift; path = ItemViewModel.swift; sourceTree = "<group>"; };
		1FF1A65D2968990A00E00235 /* ItemDetailsViewModel.swift */ = {isa = PBXFileReference; fileEncoding = 4; lastKnownFileType = sourcecode.swift; path = ItemDetailsViewModel.swift; sourceTree = "<group>"; };
		1FF1A65E2968990A00E00235 /* ItemDetailsView.swift */ = {isa = PBXFileReference; fileEncoding = 4; lastKnownFileType = sourcecode.swift; path = ItemDetailsView.swift; sourceTree = "<group>"; };
		1FF1A6602968990A00E00235 /* FeedCoordinatorView.swift */ = {isa = PBXFileReference; fileEncoding = 4; lastKnownFileType = sourcecode.swift; path = FeedCoordinatorView.swift; sourceTree = "<group>"; };
		1FF1A6622968990A00E00235 /* FeedViewModel.swift */ = {isa = PBXFileReference; fileEncoding = 4; lastKnownFileType = sourcecode.swift; path = FeedViewModel.swift; sourceTree = "<group>"; };
		1FF1A6632968990A00E00235 /* FeedView.swift */ = {isa = PBXFileReference; fileEncoding = 4; lastKnownFileType = sourcecode.swift; path = FeedView.swift; sourceTree = "<group>"; };
		1FF1A6642968990A00E00235 /* FeedCoordinator.swift */ = {isa = PBXFileReference; fileEncoding = 4; lastKnownFileType = sourcecode.swift; path = FeedCoordinator.swift; sourceTree = "<group>"; };
		1FF1A6662968990A00E00235 /* AccountCoordinatorView.swift */ = {isa = PBXFileReference; fileEncoding = 4; lastKnownFileType = sourcecode.swift; path = AccountCoordinatorView.swift; sourceTree = "<group>"; };
		1FF1A6672968990A00E00235 /* AccountCoordinator.swift */ = {isa = PBXFileReference; fileEncoding = 4; lastKnownFileType = sourcecode.swift; path = AccountCoordinator.swift; sourceTree = "<group>"; };
		1FF1A6692968990A00E00235 /* AccountConfirmViewModel.swift */ = {isa = PBXFileReference; fileEncoding = 4; lastKnownFileType = sourcecode.swift; path = AccountConfirmViewModel.swift; sourceTree = "<group>"; };
		1FF1A66A2968990A00E00235 /* AccountViewModel.swift */ = {isa = PBXFileReference; fileEncoding = 4; lastKnownFileType = sourcecode.swift; path = AccountViewModel.swift; sourceTree = "<group>"; };
		1FF1A66B2968990A00E00235 /* AccountConfirmView.swift */ = {isa = PBXFileReference; fileEncoding = 4; lastKnownFileType = sourcecode.swift; path = AccountConfirmView.swift; sourceTree = "<group>"; };
		1FF1A66C2968990A00E00235 /* AccountView.swift */ = {isa = PBXFileReference; fileEncoding = 4; lastKnownFileType = sourcecode.swift; path = AccountView.swift; sourceTree = "<group>"; };
		1FF1A66D2968990A00E00235 /* AccountEditView.swift */ = {isa = PBXFileReference; fileEncoding = 4; lastKnownFileType = sourcecode.swift; path = AccountEditView.swift; sourceTree = "<group>"; };
		1FF1A66E2968990A00E00235 /* AccountEditViewModel.swift */ = {isa = PBXFileReference; fileEncoding = 4; lastKnownFileType = sourcecode.swift; path = AccountEditViewModel.swift; sourceTree = "<group>"; };
		1FF1A685296899B800E00235 /* LazyNavigationLink.swift */ = {isa = PBXFileReference; fileEncoding = 4; lastKnownFileType = sourcecode.swift; path = LazyNavigationLink.swift; sourceTree = "<group>"; };
		1FF1A686296899B800E00235 /* LazyLoadView.swift */ = {isa = PBXFileReference; fileEncoding = 4; lastKnownFileType = sourcecode.swift; path = LazyLoadView.swift; sourceTree = "<group>"; };
		1FF1A68929689A1500E00235 /* Localizable.strings */ = {isa = PBXFileReference; fileEncoding = 4; lastKnownFileType = text.plist.strings; path = Localizable.strings; sourceTree = "<group>"; };
/* End PBXFileReference section */

/* Begin PBXFrameworksBuildPhase section */
		1FF1A62D2968982500E00235 /* Frameworks */ = {
			isa = PBXFrameworksBuildPhase;
			buildActionMask = 2147483647;
			files = (
			);
			runOnlyForDeploymentPostprocessing = 0;
		};
/* End PBXFrameworksBuildPhase section */

/* Begin PBXGroup section */
		1FF1A6272968982500E00235 = {
			isa = PBXGroup;
			children = (
				1FF1A6322968982500E00235 /* MVVM-C */,
				1FF1A6312968982500E00235 /* Products */,
			);
			sourceTree = "<group>";
		};
		1FF1A6312968982500E00235 /* Products */ = {
			isa = PBXGroup;
			children = (
				1FF1A6302968982500E00235 /* MVVM-C.app */,
			);
			name = Products;
			sourceTree = "<group>";
		};
		1FF1A6322968982500E00235 /* MVVM-C */ = {
			isa = PBXGroup;
			children = (
				1FF1A6412968983100E00235 /* AppEntry */,
				1FF1A6462968986F00E00235 /* Enums */,
				1FF1A649296898AA00E00235 /* Models */,
				1FF1A64C296898E000E00235 /* Navigation */,
				1FF1A6512968990A00E00235 /* Screens */,
				1FF1A684296899B800E00235 /* SharedViews */,
				1FF1A6372968982600E00235 /* Assets.xcassets */,
				1FF1A68929689A1500E00235 /* Localizable.strings */,
				1FF1A6392968982600E00235 /* Preview Content */,
			);
			path = "MVVM-C";
			sourceTree = "<group>";
		};
		1FF1A6392968982600E00235 /* Preview Content */ = {
			isa = PBXGroup;
			children = (
				1FF1A63A2968982600E00235 /* Preview Assets.xcassets */,
			);
			path = "Preview Content";
			sourceTree = "<group>";
		};
		1FF1A6412968983100E00235 /* AppEntry */ = {
			isa = PBXGroup;
			children = (
				1FF1A6332968982500E00235 /* MVVM_CApp.swift */,
			);
			path = AppEntry;
			sourceTree = "<group>";
		};
		1FF1A6462968986F00E00235 /* Enums */ = {
			isa = PBXGroup;
			children = (
				1FF1A6472968988300E00235 /* FeedType.swift */,
			);
			path = Enums;
			sourceTree = "<group>";
		};
		1FF1A649296898AA00E00235 /* Models */ = {
			isa = PBXGroup;
			children = (
				1FF1A64A296898B200E00235 /* ItemId.swift */,
			);
			path = Models;
			sourceTree = "<group>";
		};
		1FF1A64C296898E000E00235 /* Navigation */ = {
			isa = PBXGroup;
			children = (
				1FF1A64D296898EE00E00235 /* Coordinator.swift */,
				1FF1A64E296898EE00E00235 /* Navigable.swift */,
			);
			path = Navigation;
			sourceTree = "<group>";
		};
		1FF1A6512968990A00E00235 /* Screens */ = {
			isa = PBXGroup;
			children = (
				1FF1A6522968990A00E00235 /* AppCoordinator.swift */,
				1FF1A6562968990A00E00235 /* AppCoordinatorView.swift */,
				1FF1A65F2968990A00E00235 /* Feed */,
				1FF1A6652968990A00E00235 /* Account */,
				1FF1A6572968990A00E00235 /* Item */,
			);
			path = Screens;
			sourceTree = "<group>";
		};
		1FF1A6572968990A00E00235 /* Item */ = {
			isa = PBXGroup;
			children = (
				1FF1A6592968990A00E00235 /* ItemCoordinator.swift */,
				1FF1A6582968990A00E00235 /* ItemCoordinatorView.swift */,
				1FF1A65A2968990A00E00235 /* Views */,
			);
			path = Item;
			sourceTree = "<group>";
		};
		1FF1A65A2968990A00E00235 /* Views */ = {
			isa = PBXGroup;
			children = (
				1FF1A65B2968990A00E00235 /* ItemView.swift */,
				1FF1A65C2968990A00E00235 /* ItemViewModel.swift */,
				1FF1A65E2968990A00E00235 /* ItemDetailsView.swift */,
				1FF1A65D2968990A00E00235 /* ItemDetailsViewModel.swift */,
			);
			path = Views;
			sourceTree = "<group>";
		};
		1FF1A65F2968990A00E00235 /* Feed */ = {
			isa = PBXGroup;
			children = (
				1FF1A6642968990A00E00235 /* FeedCoordinator.swift */,
				1FF1A6602968990A00E00235 /* FeedCoordinatorView.swift */,
				1FF1A6612968990A00E00235 /* Views */,
			);
			path = Feed;
			sourceTree = "<group>";
		};
		1FF1A6612968990A00E00235 /* Views */ = {
			isa = PBXGroup;
			children = (
				1FF1A6632968990A00E00235 /* FeedView.swift */,
				1FF1A6622968990A00E00235 /* FeedViewModel.swift */,
			);
			path = Views;
			sourceTree = "<group>";
		};
		1FF1A6652968990A00E00235 /* Account */ = {
			isa = PBXGroup;
			children = (
				1FF1A6672968990A00E00235 /* AccountCoordinator.swift */,
				1FF1A6662968990A00E00235 /* AccountCoordinatorView.swift */,
				1FF1A6682968990A00E00235 /* Views */,
			);
			path = Account;
			sourceTree = "<group>";
		};
		1FF1A6682968990A00E00235 /* Views */ = {
			isa = PBXGroup;
			children = (
				1FF1A66C2968990A00E00235 /* AccountView.swift */,
				1FF1A66A2968990A00E00235 /* AccountViewModel.swift */,
				1FF1A66D2968990A00E00235 /* AccountEditView.swift */,
				1FF1A66E2968990A00E00235 /* AccountEditViewModel.swift */,
				1FF1A66B2968990A00E00235 /* AccountConfirmView.swift */,
				1FF1A6692968990A00E00235 /* AccountConfirmViewModel.swift */,
			);
			path = Views;
			sourceTree = "<group>";
		};
		1FF1A684296899B800E00235 /* SharedViews */ = {
			isa = PBXGroup;
			children = (
				1FF1A686296899B800E00235 /* LazyLoadView.swift */,
				1FF1A685296899B800E00235 /* LazyNavigationLink.swift */,
			);
			path = SharedViews;
			sourceTree = "<group>";
		};
/* End PBXGroup section */

/* Begin PBXNativeTarget section */
		1FF1A62F2968982500E00235 /* MVVM-C */ = {
			isa = PBXNativeTarget;
			buildConfigurationList = 1FF1A63E2968982600E00235 /* Build configuration list for PBXNativeTarget "MVVM-C" */;
			buildPhases = (
				1FF1A62C2968982500E00235 /* Sources */,
				1FF1A62D2968982500E00235 /* Frameworks */,
				1FF1A62E2968982500E00235 /* Resources */,
			);
			buildRules = (
			);
			dependencies = (
			);
			name = "MVVM-C";
			productName = "MVVM-C";
			productReference = 1FF1A6302968982500E00235 /* MVVM-C.app */;
			productType = "com.apple.product-type.application";
		};
/* End PBXNativeTarget section */

/* Begin PBXProject section */
		1FF1A6282968982500E00235 /* Project object */ = {
			isa = PBXProject;
			attributes = {
				BuildIndependentTargetsInParallel = 1;
				LastSwiftUpdateCheck = 1420;
				LastUpgradeCheck = 1420;
				TargetAttributes = {
					1FF1A62F2968982500E00235 = {
						CreatedOnToolsVersion = 14.2;
					};
				};
			};
			buildConfigurationList = 1FF1A62B2968982500E00235 /* Build configuration list for PBXProject "MVVM-C" */;
			compatibilityVersion = "Xcode 14.0";
			developmentRegion = en;
			hasScannedForEncodings = 0;
			knownRegions = (
				en,
				Base,
			);
			mainGroup = 1FF1A6272968982500E00235;
			productRefGroup = 1FF1A6312968982500E00235 /* Products */;
			projectDirPath = "";
			projectRoot = "";
			targets = (
				1FF1A62F2968982500E00235 /* MVVM-C */,
			);
		};
/* End PBXProject section */

/* Begin PBXResourcesBuildPhase section */
		1FF1A62E2968982500E00235 /* Resources */ = {
			isa = PBXResourcesBuildPhase;
			buildActionMask = 2147483647;
			files = (
				1FF1A63B2968982600E00235 /* Preview Assets.xcassets in Resources */,
				1FF1A68A29689A1500E00235 /* Localizable.strings in Resources */,
				1FF1A6382968982600E00235 /* Assets.xcassets in Resources */,
			);
			runOnlyForDeploymentPostprocessing = 0;
		};
/* End PBXResourcesBuildPhase section */

/* Begin PBXSourcesBuildPhase section */
		1FF1A62C2968982500E00235 /* Sources */ = {
			isa = PBXSourcesBuildPhase;
			buildActionMask = 2147483647;
			files = (
				1FF1A6712968990B00E00235 /* AppCoordinatorView.swift in Sources */,
				1FF1A67F2968990B00E00235 /* AccountViewModel.swift in Sources */,
				1FF1A66F2968990B00E00235 /* AppCoordinator.swift in Sources */,
				1FF1A687296899B800E00235 /* LazyNavigationLink.swift in Sources */,
				1FF1A6762968990B00E00235 /* ItemDetailsViewModel.swift in Sources */,
				1FF1A6782968990B00E00235 /* FeedCoordinatorView.swift in Sources */,
				1FF1A6732968990B00E00235 /* ItemCoordinator.swift in Sources */,
				1FF1A6792968990B00E00235 /* FeedViewModel.swift in Sources */,
				1FF1A67B2968990B00E00235 /* FeedCoordinator.swift in Sources */,
				1FF1A6812968990B00E00235 /* AccountView.swift in Sources */,
				1FF1A6752968990B00E00235 /* ItemViewModel.swift in Sources */,
				1FF1A67D2968990B00E00235 /* AccountCoordinator.swift in Sources */,
				1FF1A6832968990B00E00235 /* AccountEditViewModel.swift in Sources */,
				1FF1A6742968990B00E00235 /* ItemView.swift in Sources */,
				1FF1A67A2968990B00E00235 /* FeedView.swift in Sources */,
				1FF1A6772968990B00E00235 /* ItemDetailsView.swift in Sources */,
				1FF1A67C2968990B00E00235 /* AccountCoordinatorView.swift in Sources */,
				1FF1A6722968990B00E00235 /* ItemCoordinatorView.swift in Sources */,
				1FF1A688296899B800E00235 /* LazyLoadView.swift in Sources */,
				1FF1A6802968990B00E00235 /* AccountConfirmView.swift in Sources */,
				1FF1A64F296898EE00E00235 /* Coordinator.swift in Sources */,
				1FF1A67E2968990B00E00235 /* AccountConfirmViewModel.swift in Sources */,
				1FF1A6342968982500E00235 /* MVVM_CApp.swift in Sources */,
				1FF1A650296898EE00E00235 /* Navigable.swift in Sources */,
				1FF1A64B296898B200E00235 /* ItemId.swift in Sources */,
				1FF1A6822968990B00E00235 /* AccountEditView.swift in Sources */,
				1FF1A6482968988300E00235 /* FeedType.swift in Sources */,
			);
			runOnlyForDeploymentPostprocessing = 0;
		};
/* End PBXSourcesBuildPhase section */

/* Begin XCBuildConfiguration section */
		1FF1A63C2968982600E00235 /* Debug */ = {
			isa = XCBuildConfiguration;
			buildSettings = {
				ALWAYS_SEARCH_USER_PATHS = NO;
				CLANG_ANALYZER_NONNULL = YES;
				CLANG_ANALYZER_NUMBER_OBJECT_CONVERSION = YES_AGGRESSIVE;
				CLANG_CXX_LANGUAGE_STANDARD = "gnu++20";
				CLANG_ENABLE_MODULES = YES;
				CLANG_ENABLE_OBJC_ARC = YES;
				CLANG_ENABLE_OBJC_WEAK = YES;
				CLANG_WARN_BLOCK_CAPTURE_AUTORELEASING = YES;
				CLANG_WARN_BOOL_CONVERSION = YES;
				CLANG_WARN_COMMA = YES;
				CLANG_WARN_CONSTANT_CONVERSION = YES;
				CLANG_WARN_DEPRECATED_OBJC_IMPLEMENTATIONS = YES;
				CLANG_WARN_DIRECT_OBJC_ISA_USAGE = YES_ERROR;
				CLANG_WARN_DOCUMENTATION_COMMENTS = YES;
				CLANG_WARN_EMPTY_BODY = YES;
				CLANG_WARN_ENUM_CONVERSION = YES;
				CLANG_WARN_INFINITE_RECURSION = YES;
				CLANG_WARN_INT_CONVERSION = YES;
				CLANG_WARN_NON_LITERAL_NULL_CONVERSION = YES;
				CLANG_WARN_OBJC_IMPLICIT_RETAIN_SELF = YES;
				CLANG_WARN_OBJC_LITERAL_CONVERSION = YES;
				CLANG_WARN_OBJC_ROOT_CLASS = YES_ERROR;
				CLANG_WARN_QUOTED_INCLUDE_IN_FRAMEWORK_HEADER = YES;
				CLANG_WARN_RANGE_LOOP_ANALYSIS = YES;
				CLANG_WARN_STRICT_PROTOTYPES = YES;
				CLANG_WARN_SUSPICIOUS_MOVE = YES;
				CLANG_WARN_UNGUARDED_AVAILABILITY = YES_AGGRESSIVE;
				CLANG_WARN_UNREACHABLE_CODE = YES;
				CLANG_WARN__DUPLICATE_METHOD_MATCH = YES;
				COPY_PHASE_STRIP = NO;
				DEBUG_INFORMATION_FORMAT = dwarf;
				ENABLE_STRICT_OBJC_MSGSEND = YES;
				ENABLE_TESTABILITY = YES;
				GCC_C_LANGUAGE_STANDARD = gnu11;
				GCC_DYNAMIC_NO_PIC = NO;
				GCC_NO_COMMON_BLOCKS = YES;
				GCC_OPTIMIZATION_LEVEL = 0;
				GCC_PREPROCESSOR_DEFINITIONS = (
					"DEBUG=1",
					"$(inherited)",
				);
				GCC_WARN_64_TO_32_BIT_CONVERSION = YES;
				GCC_WARN_ABOUT_RETURN_TYPE = YES_ERROR;
				GCC_WARN_UNDECLARED_SELECTOR = YES;
				GCC_WARN_UNINITIALIZED_AUTOS = YES_AGGRESSIVE;
				GCC_WARN_UNUSED_FUNCTION = YES;
				GCC_WARN_UNUSED_VARIABLE = YES;
				IPHONEOS_DEPLOYMENT_TARGET = 16.2;
				MTL_ENABLE_DEBUG_INFO = INCLUDE_SOURCE;
				MTL_FAST_MATH = YES;
				ONLY_ACTIVE_ARCH = YES;
				SDKROOT = iphoneos;
				SWIFT_ACTIVE_COMPILATION_CONDITIONS = DEBUG;
				SWIFT_OPTIMIZATION_LEVEL = "-Onone";
			};
			name = Debug;
		};
		1FF1A63D2968982600E00235 /* Release */ = {
			isa = XCBuildConfiguration;
			buildSettings = {
				ALWAYS_SEARCH_USER_PATHS = NO;
				CLANG_ANALYZER_NONNULL = YES;
				CLANG_ANALYZER_NUMBER_OBJECT_CONVERSION = YES_AGGRESSIVE;
				CLANG_CXX_LANGUAGE_STANDARD = "gnu++20";
				CLANG_ENABLE_MODULES = YES;
				CLANG_ENABLE_OBJC_ARC = YES;
				CLANG_ENABLE_OBJC_WEAK = YES;
				CLANG_WARN_BLOCK_CAPTURE_AUTORELEASING = YES;
				CLANG_WARN_BOOL_CONVERSION = YES;
				CLANG_WARN_COMMA = YES;
				CLANG_WARN_CONSTANT_CONVERSION = YES;
				CLANG_WARN_DEPRECATED_OBJC_IMPLEMENTATIONS = YES;
				CLANG_WARN_DIRECT_OBJC_ISA_USAGE = YES_ERROR;
				CLANG_WARN_DOCUMENTATION_COMMENTS = YES;
				CLANG_WARN_EMPTY_BODY = YES;
				CLANG_WARN_ENUM_CONVERSION = YES;
				CLANG_WARN_INFINITE_RECURSION = YES;
				CLANG_WARN_INT_CONVERSION = YES;
				CLANG_WARN_NON_LITERAL_NULL_CONVERSION = YES;
				CLANG_WARN_OBJC_IMPLICIT_RETAIN_SELF = YES;
				CLANG_WARN_OBJC_LITERAL_CONVERSION = YES;
				CLANG_WARN_OBJC_ROOT_CLASS = YES_ERROR;
				CLANG_WARN_QUOTED_INCLUDE_IN_FRAMEWORK_HEADER = YES;
				CLANG_WARN_RANGE_LOOP_ANALYSIS = YES;
				CLANG_WARN_STRICT_PROTOTYPES = YES;
				CLANG_WARN_SUSPICIOUS_MOVE = YES;
				CLANG_WARN_UNGUARDED_AVAILABILITY = YES_AGGRESSIVE;
				CLANG_WARN_UNREACHABLE_CODE = YES;
				CLANG_WARN__DUPLICATE_METHOD_MATCH = YES;
				COPY_PHASE_STRIP = NO;
				DEBUG_INFORMATION_FORMAT = "dwarf-with-dsym";
				ENABLE_NS_ASSERTIONS = NO;
				ENABLE_STRICT_OBJC_MSGSEND = YES;
				GCC_C_LANGUAGE_STANDARD = gnu11;
				GCC_NO_COMMON_BLOCKS = YES;
				GCC_WARN_64_TO_32_BIT_CONVERSION = YES;
				GCC_WARN_ABOUT_RETURN_TYPE = YES_ERROR;
				GCC_WARN_UNDECLARED_SELECTOR = YES;
				GCC_WARN_UNINITIALIZED_AUTOS = YES_AGGRESSIVE;
				GCC_WARN_UNUSED_FUNCTION = YES;
				GCC_WARN_UNUSED_VARIABLE = YES;
				IPHONEOS_DEPLOYMENT_TARGET = 16.2;
				MTL_ENABLE_DEBUG_INFO = NO;
				MTL_FAST_MATH = YES;
				SDKROOT = iphoneos;
				SWIFT_COMPILATION_MODE = wholemodule;
				SWIFT_OPTIMIZATION_LEVEL = "-O";
				VALIDATE_PRODUCT = YES;
			};
			name = Release;
		};
		1FF1A63F2968982600E00235 /* Debug */ = {
			isa = XCBuildConfiguration;
			buildSettings = {
				ASSETCATALOG_COMPILER_APPICON_NAME = AppIcon;
				ASSETCATALOG_COMPILER_GLOBAL_ACCENT_COLOR_NAME = AccentColor;
				CODE_SIGN_STYLE = Automatic;
				CURRENT_PROJECT_VERSION = 1;
				DEVELOPMENT_ASSET_PATHS = "\"MVVM-C/Preview Content\"";
				DEVELOPMENT_TEAM = UTG2V2H3FK;
				ENABLE_PREVIEWS = YES;
				GENERATE_INFOPLIST_FILE = YES;
				INFOPLIST_KEY_UIApplicationSceneManifest_Generation = YES;
				INFOPLIST_KEY_UIApplicationSupportsIndirectInputEvents = YES;
				INFOPLIST_KEY_UILaunchScreen_Generation = YES;
				INFOPLIST_KEY_UISupportedInterfaceOrientations_iPad = "UIInterfaceOrientationPortrait UIInterfaceOrientationPortraitUpsideDown UIInterfaceOrientationLandscapeLeft UIInterfaceOrientationLandscapeRight";
				INFOPLIST_KEY_UISupportedInterfaceOrientations_iPhone = "UIInterfaceOrientationPortrait UIInterfaceOrientationLandscapeLeft UIInterfaceOrientationLandscapeRight";
				IPHONEOS_DEPLOYMENT_TARGET = 14.0;
				LD_RUNPATH_SEARCH_PATHS = (
					"$(inherited)",
					"@executable_path/Frameworks",
				);
				MARKETING_VERSION = 1.0;
				PRODUCT_BUNDLE_IDENTIFIER = "ro.deltaapps.MVVM-C";
				PRODUCT_NAME = "$(TARGET_NAME)";
				SWIFT_EMIT_LOC_STRINGS = YES;
				SWIFT_VERSION = 5.0;
				TARGETED_DEVICE_FAMILY = "1,2";
			};
			name = Debug;
		};
		1FF1A6402968982600E00235 /* Release */ = {
			isa = XCBuildConfiguration;
			buildSettings = {
				ASSETCATALOG_COMPILER_APPICON_NAME = AppIcon;
				ASSETCATALOG_COMPILER_GLOBAL_ACCENT_COLOR_NAME = AccentColor;
				CODE_SIGN_STYLE = Automatic;
				CURRENT_PROJECT_VERSION = 1;
				DEVELOPMENT_ASSET_PATHS = "\"MVVM-C/Preview Content\"";
				DEVELOPMENT_TEAM = UTG2V2H3FK;
				ENABLE_PREVIEWS = YES;
				GENERATE_INFOPLIST_FILE = YES;
				INFOPLIST_KEY_UIApplicationSceneManifest_Generation = YES;
				INFOPLIST_KEY_UIApplicationSupportsIndirectInputEvents = YES;
				INFOPLIST_KEY_UILaunchScreen_Generation = YES;
				INFOPLIST_KEY_UISupportedInterfaceOrientations_iPad = "UIInterfaceOrientationPortrait UIInterfaceOrientationPortraitUpsideDown UIInterfaceOrientationLandscapeLeft UIInterfaceOrientationLandscapeRight";
				INFOPLIST_KEY_UISupportedInterfaceOrientations_iPhone = "UIInterfaceOrientationPortrait UIInterfaceOrientationLandscapeLeft UIInterfaceOrientationLandscapeRight";
				IPHONEOS_DEPLOYMENT_TARGET = 14.0;
				LD_RUNPATH_SEARCH_PATHS = (
					"$(inherited)",
					"@executable_path/Frameworks",
				);
				MARKETING_VERSION = 1.0;
				PRODUCT_BUNDLE_IDENTIFIER = "ro.deltaapps.MVVM-C";
				PRODUCT_NAME = "$(TARGET_NAME)";
				SWIFT_EMIT_LOC_STRINGS = YES;
				SWIFT_VERSION = 5.0;
				TARGETED_DEVICE_FAMILY = "1,2";
			};
			name = Release;
		};
/* End XCBuildConfiguration section */

/* Begin XCConfigurationList section */
		1FF1A62B2968982500E00235 /* Build configuration list for PBXProject "MVVM-C" */ = {
			isa = XCConfigurationList;
			buildConfigurations = (
				1FF1A63C2968982600E00235 /* Debug */,
				1FF1A63D2968982600E00235 /* Release */,
			);
			defaultConfigurationIsVisible = 0;
			defaultConfigurationName = Release;
		};
		1FF1A63E2968982600E00235 /* Build configuration list for PBXNativeTarget "MVVM-C" */ = {
			isa = XCConfigurationList;
			buildConfigurations = (
				1FF1A63F2968982600E00235 /* Debug */,
				1FF1A6402968982600E00235 /* Release */,
			);
			defaultConfigurationIsVisible = 0;
			defaultConfigurationName = Release;
		};
/* End XCConfigurationList section */
	};
	rootObject = 1FF1A6282968982500E00235 /* Project object */;
}
